<Solution>
  <Folder Name="/src/" />
  <Folder Name="/src/Host/">
    <Project Path="src/Host/MiniErpSystem.Host/MiniErpSystem.Host.csproj" />
  </Folder>
  <Folder Name="/src/Inventory/">
    <Project Path="src/Inventory/Inventory.API/Inventory.API.csproj" />
    <Project Path="src/Inventory/Inventory.Application/Inventory.Application.csproj" />
    <Project Path="src/Inventory/Inventory.Infrastructure/Inventory.Infrastructure.csproj" />
  </Folder>
  <Folder Name="/src/Orders/">
    <Project Path="src/Orders/Orders.API/Orders.API.csproj" />
    <Project Path="src/Orders/Orders.Application/Orders.Application.csproj" />
    <Project Path="src/Orders/Orders.Infrastructure/Orders.Infrastructure.csproj" />
  </Folder>
  <Folder Name="/src/Products/">
    <Project Path="src/Products/Products.API/Products.API.csproj" />
    <Project Path="src/Products/Products.Application/Products.Application.csproj" />
    <Project Path="src/Products/Products.Infrastructure/Products.Infrastructure.csproj" />
  </Folder>
</Solution>
